
Microsoft Visual Studio Solution File, Format Version 12.00
# Visual Studio Version 17
VisualStudioVersion = 17.8.34316.72
MinimumVisualStudioVersion = 10.0.40219.1
Project("{FAE04EC0-301F-11D3-BF4B-00C04F79EFBC}") = "Gasbear", "Gasbear.csproj", "{EC9DC23D-0C1F-466F-B5A3-D1A5C59CC6A6}"
EndProject
Global
	GlobalSection(SolutionConfigurationPlatforms) = preSolution
		Debug|Any CPU = Debug|Any CPU
		Release|Any CPU = Release|Any CPU
	EndGlobalSection
	GlobalSection(ProjectConfigurationPlatforms) = postSolution
		{EC9DC23D-0C1F-466F-B5A3-D1A5C59CC6A6}.Debug|Any CPU.ActiveCfg = Debug|Any CPU
		{EC9DC23D-0C1F-466F-B5A3-D1A5C59CC6A6}.Debug|Any CPU.Build.0 = Debug|Any CPU
		{EC9DC23D-0C1F-466F-B5A3-D1A5C59CC6A6}.Debug|Any CPU.Deploy.0 = Debug|Any CPU
		{EC9DC23D-0C1F-466F-B5A3-D1A5C59CC6A6}.Release|Any CPU.ActiveCfg = Release|Any CPU
		{EC9DC23D-0C1F-466F-B5A3-D1A5C59CC6A6}.Release|Any CPU.Build.0 = Release|Any CPU
		{EC9DC23D-0C1F-466F-B5A3-D1A5C59CC6A6}.Release|Any CPU.Deploy.0 = Release|Any CPU
	EndGlobalSection
	GlobalSection(SolutionProperties) = preSolution
		HideSolutionNode = FALSE
	EndGlobalSection
	GlobalSection(ExtensibilityGlobals) = postSolution
		SolutionGuid = {E8F87A54-7237-4BAC-895D-226A9768C61A}
	EndGlobalSection
EndGlobal
